
Microsoft Visual Studio Solution File, Format Version 12.00
# Visual Studio Version 16
VisualStudioVersion = 16.0.29418.71
MinimumVisualStudioVersion = 10.0.40219.1
Project("{8BC9CEB8-8B4A-11D0-8D11-00A0C91BC942}") = "StopWait", "StopWait\StopWait.vcxproj", "{B9E23A03-9974-40AE-9555-138B5F2FEDA4}"
EndProject
Project("{8BC9CEB8-8B4A-11D0-8D11-00A0C91BC942}") = "GBN", "GBN\GBN.vcxproj", "{0464CADE-3492-4C79-9490-52179336551C}"
EndProject
Project("{8BC9CEB8-8B4A-11D0-8D11-00A0C91BC942}") = "SR", "SR\SR.vcxproj", "{43E72D2B-5112-403E-AF8D-622E8EC5D516}"
EndProject
Project("{8BC9CEB8-8B4A-11D0-8D11-00A0C91BC942}") = "GBN_TCP", "GBN_TCP\GBN_TCP.vcxproj", "{320D599F-84BE-45D9-86F7-D6D5E5E73D60}"
EndProject
Global
	GlobalSection(SolutionConfigurationPlatforms) = preSolution
		Debug|x64 = Debug|x64
		Debug|x86 = Debug|x86
		Release|x64 = Release|x64
		Release|x86 = Release|x86
	EndGlobalSection
	GlobalSection(ProjectConfigurationPlatforms) = postSolution
		{B9E23A03-9974-40AE-9555-138B5F2FEDA4}.Debug|x64.ActiveCfg = Debug|Win32
		{B9E23A03-9974-40AE-9555-138B5F2FEDA4}.Debug|x86.ActiveCfg = Debug|Win32
		{B9E23A03-9974-40AE-9555-138B5F2FEDA4}.Debug|x86.Build.0 = Debug|Win32
		{B9E23A03-9974-40AE-9555-138B5F2FEDA4}.Release|x64.ActiveCfg = Release|Win32
		{B9E23A03-9974-40AE-9555-138B5F2FEDA4}.Release|x86.ActiveCfg = Release|Win32
		{B9E23A03-9974-40AE-9555-138B5F2FEDA4}.Release|x86.Build.0 = Release|Win32
		{0464CADE-3492-4C79-9490-52179336551C}.Debug|x64.ActiveCfg = Debug|x64
		{0464CADE-3492-4C79-9490-52179336551C}.Debug|x64.Build.0 = Debug|x64
		{0464CADE-3492-4C79-9490-52179336551C}.Debug|x86.ActiveCfg = Debug|Win32
		{0464CADE-3492-4C79-9490-52179336551C}.Debug|x86.Build.0 = Debug|Win32
		{0464CADE-3492-4C79-9490-52179336551C}.Release|x64.ActiveCfg = Release|x64
		{0464CADE-3492-4C79-9490-52179336551C}.Release|x64.Build.0 = Release|x64
		{0464CADE-3492-4C79-9490-52179336551C}.Release|x86.ActiveCfg = Release|Win32
		{0464CADE-3492-4C79-9490-52179336551C}.Release|x86.Build.0 = Release|Win32
		{43E72D2B-5112-403E-AF8D-622E8EC5D516}.Debug|x64.ActiveCfg = Debug|x64
		{43E72D2B-5112-403E-AF8D-622E8EC5D516}.Debug|x64.Build.0 = Debug|x64
		{43E72D2B-5112-403E-AF8D-622E8EC5D516}.Debug|x86.ActiveCfg = Debug|Win32
		{43E72D2B-5112-403E-AF8D-622E8EC5D516}.Debug|x86.Build.0 = Debug|Win32
		{43E72D2B-5112-403E-AF8D-622E8EC5D516}.Release|x64.ActiveCfg = Release|x64
		{43E72D2B-5112-403E-AF8D-622E8EC5D516}.Release|x64.Build.0 = Release|x64
		{43E72D2B-5112-403E-AF8D-622E8EC5D516}.Release|x86.ActiveCfg = Release|Win32
		{43E72D2B-5112-403E-AF8D-622E8EC5D516}.Release|x86.Build.0 = Release|Win32
		{320D599F-84BE-45D9-86F7-D6D5E5E73D60}.Debug|x64.ActiveCfg = Debug|x64
		{320D599F-84BE-45D9-86F7-D6D5E5E73D60}.Debug|x64.Build.0 = Debug|x64
		{320D599F-84BE-45D9-86F7-D6D5E5E73D60}.Debug|x86.ActiveCfg = Debug|Win32
		{320D599F-84BE-45D9-86F7-D6D5E5E73D60}.Debug|x86.Build.0 = Debug|Win32
		{320D599F-84BE-45D9-86F7-D6D5E5E73D60}.Release|x64.ActiveCfg = Release|x64
		{320D599F-84BE-45D9-86F7-D6D5E5E73D60}.Release|x64.Build.0 = Release|x64
		{320D599F-84BE-45D9-86F7-D6D5E5E73D60}.Release|x86.ActiveCfg = Release|Win32
		{320D599F-84BE-45D9-86F7-D6D5E5E73D60}.Release|x86.Build.0 = Release|Win32
	EndGlobalSection
	GlobalSection(SolutionProperties) = preSolution
		HideSolutionNode = FALSE
	EndGlobalSection
	GlobalSection(ExtensibilityGlobals) = postSolution
		SolutionGuid = {5C775706-20A1-4A8E-91F5-6EBF1F2BF23E}
	EndGlobalSection
EndGlobal
